
Microsoft Visual Studio Solution File, Format Version 12.00
# Visual Studio Version 17
VisualStudioVersion = 17.4.33122.133
MinimumVisualStudioVersion = 10.0.40219.1
Project("{FAE04EC0-301F-11D3-BF4B-00C04F79EFBC}") = "Exercise", "Exercise.csproj", "{C573A962-7D1B-437F-8E9D-817141AE00D8}"
EndProject
Global
	GlobalSection(SolutionConfigurationPlatforms) = preSolution
		Debug|Any CPU = Debug|Any CPU
		Release|Any CPU = Release|Any CPU
	EndGlobalSection
	GlobalSection(ProjectConfigurationPlatforms) = postSolution
		{C573A962-7D1B-437F-8E9D-817141AE00D8}.Debug|Any CPU.ActiveCfg = Debug|Any CPU
		{C573A962-7D1B-437F-8E9D-817141AE00D8}.Debug|Any CPU.Build.0 = Debug|Any CPU
		{C573A962-7D1B-437F-8E9D-817141AE00D8}.Release|Any CPU.ActiveCfg = Release|Any CPU
		{C573A962-7D1B-437F-8E9D-817141AE00D8}.Release|Any CPU.Build.0 = Release|Any CPU
	EndGlobalSection
	GlobalSection(SolutionProperties) = preSolution
		HideSolutionNode = FALSE
	EndGlobalSection
	GlobalSection(ExtensibilityGlobals) = postSolution
		SolutionGuid = {7AA56933-1C43-498C-8C8B-4F10EA6D35C3}
	EndGlobalSection
EndGlobal
